# This file is autogenerated, do not edit; changes may be undone by the next 'dep ensure'.


[[projects]]
  digest = "1:e1c2e45310217ec33bb738a5d94f4698733ff576899b22175697a0f967c170ec"
  name = "github.com/influxdata/influxdb"
  packages = [
    "client/v2",
    "models",
    "pkg/escape",
  ]
  pruneopts = "NUT"
  revision = "62ab18a0f43ee342b84debaaae5486b8b2d8682c"
  version = "v1.6.0"

[[projects]]
  digest = "1:15e5c398fbd9d2c439b635a08ac161b13d04f0c2aa587fe256b65dc0c3efe8b7"
  name = "github.com/spf13/pflag"
  packages = ["."]
  pruneopts = "NUT"
  revision = "583c0c0531f06d5278b7d917446061adc344b5cd"
  version = "v1.0.1"

[solve-meta]
  analyzer-name = "dep"
  analyzer-version = 1
  input-imports = [
    "github.com/influxdata/influxdb/client/v2",
    "github.com/spf13/pflag",
  ]
  solver-name = "gps-cdcl"
  solver-version = 1
